lockfileVersion: '6.0'

dependencies:
  vitepress:
    specifier: ^1.0.0-alpha.76
    version: 1.0.0-alpha.76(@algolia/client-search@4.14.2)(@types/node@20.2.3)
  vue:
    specifier: ^3.3.4
    version: 3.3.4

devDependencies:
  '@types/node':
    specifier: ^20.2.3
    version: 20.2.3

packages:

  /@algolia/autocomplete-core@1.8.2:
    resolution: {integrity: sha512-mTeshsyFhAqw/ebqNsQpMtbnjr+qVOSKXArEj4K0d7sqc8It1XD0gkASwecm9mF/jlOQ4Z9RNg1HbdA8JPdRwQ==}
    dependencies:
      '@algolia/autocomplete-shared': 1.8.2
    dev: false

  /@algolia/autocomplete-preset-algolia@1.8.2(@algolia/client-search@4.14.2)(algoliasearch@4.14.2):
    resolution: {integrity: sha512-J0oTx4me6ZM9kIKPuL3lyU3aB8DEvpVvR6xWmHVROx5rOYJGQcZsdG4ozxwcOyiiu3qxMkIbzntnV1S1VWD8yA==}
    peerDependencies:
      '@algolia/client-search': '>= 4.9.1 < 6'
      algoliasearch: '>= 4.9.1 < 6'
    dependencies:
      '@algolia/autocomplete-shared': 1.8.2
      '@algolia/client-search': 4.14.2
      algoliasearch: 4.14.2
    dev: false

  /@algolia/autocomplete-shared@1.8.2:
    resolution: {integrity: sha512-b6Z/X4MczChMcfhk6kfRmBzPgjoPzuS9KGR4AFsiLulLNRAAqhP+xZTKtMnZGhLuc61I20d5WqlId02AZvcO6g==}
    dev: false

  /@algolia/cache-browser-local-storage@4.14.2:
    resolution: {integrity: sha512-FRweBkK/ywO+GKYfAWbrepewQsPTIEirhi1BdykX9mxvBPtGNKccYAxvGdDCumU1jL4r3cayio4psfzKMejBlA==}
    dependencies:
      '@algolia/cache-common': 4.14.2
    dev: false

  /@algolia/cache-common@4.14.2:
    resolution: {integrity: sha512-SbvAlG9VqNanCErr44q6lEKD2qoK4XtFNx9Qn8FK26ePCI8I9yU7pYB+eM/cZdS9SzQCRJBbHUumVr4bsQ4uxg==}
    dev: false

  /@algolia/cache-in-memory@4.14.2:
    resolution: {integrity: sha512-HrOukWoop9XB/VFojPv1R5SVXowgI56T9pmezd/djh2JnVN/vXswhXV51RKy4nCpqxyHt/aGFSq2qkDvj6KiuQ==}
    dependencies:
      '@algolia/cache-common': 4.14.2
    dev: false

  /@algolia/client-account@4.14.2:
    resolution: {integrity: sha512-WHtriQqGyibbb/Rx71YY43T0cXqyelEU0lB2QMBRXvD2X0iyeGl4qMxocgEIcbHyK7uqE7hKgjT8aBrHqhgc1w==}
    dependencies:
      '@algolia/client-common': 4.14.2
      '@algolia/client-search': 4.14.2
      '@algolia/transporter': 4.14.2
    dev: false

  /@algolia/client-analytics@4.14.2:
    resolution: {integrity: sha512-yBvBv2mw+HX5a+aeR0dkvUbFZsiC4FKSnfqk9rrfX+QrlNOKEhCG0tJzjiOggRW4EcNqRmaTULIYvIzQVL2KYQ==}
    dependencies:
      '@algolia/client-common': 4.14.2
      '@algolia/client-search': 4.14.2
      '@algolia/requester-common': 4.14.2
      '@algolia/transporter': 4.14.2
    dev: false

  /@algolia/client-common@4.14.2:
    resolution: {integrity: sha512-43o4fslNLcktgtDMVaT5XwlzsDPzlqvqesRi4MjQz2x4/Sxm7zYg5LRYFol1BIhG6EwxKvSUq8HcC/KxJu3J0Q==}
    dependencies:
      '@algolia/requester-common': 4.14.2
      '@algolia/transporter': 4.14.2
    dev: false

  /@algolia/client-personalization@4.14.2:
    resolution: {integrity: sha512-ACCoLi0cL8CBZ1W/2juehSltrw2iqsQBnfiu/Rbl9W2yE6o2ZUb97+sqN/jBqYNQBS+o0ekTMKNkQjHHAcEXNw==}
    dependencies:
      '@algolia/client-common': 4.14.2
      '@algolia/requester-common': 4.14.2
      '@algolia/transporter': 4.14.2
    dev: false

  /@algolia/client-search@4.14.2:
    resolution: {integrity: sha512-L5zScdOmcZ6NGiVbLKTvP02UbxZ0njd5Vq9nJAmPFtjffUSOGEp11BmD2oMJ5QvARgx2XbX4KzTTNS5ECYIMWw==}
    dependencies:
      '@algolia/client-common': 4.14.2
      '@algolia/requester-common': 4.14.2
      '@algolia/transporter': 4.14.2
    dev: false

  /@algolia/logger-common@4.14.2:
    resolution: {integrity: sha512-/JGlYvdV++IcMHBnVFsqEisTiOeEr6cUJtpjz8zc0A9c31JrtLm318Njc72p14Pnkw3A/5lHHh+QxpJ6WFTmsA==}
    dev: false

  /@algolia/logger-console@4.14.2:
    resolution: {integrity: sha512-8S2PlpdshbkwlLCSAB5f8c91xyc84VM9Ar9EdfE9UmX+NrKNYnWR1maXXVDQQoto07G1Ol/tYFnFVhUZq0xV/g==}
    dependencies:
      '@algolia/logger-common': 4.14.2
    dev: false

  /@algolia/requester-browser-xhr@4.14.2:
    resolution: {integrity: sha512-CEh//xYz/WfxHFh7pcMjQNWgpl4wFB85lUMRyVwaDPibNzQRVcV33YS+63fShFWc2+42YEipFGH2iPzlpszmDw==}
    dependencies:
      '@algolia/requester-common': 4.14.2
    dev: false

  /@algolia/requester-common@4.14.2:
    resolution: {integrity: sha512-73YQsBOKa5fvVV3My7iZHu1sUqmjjfs9TteFWwPwDmnad7T0VTCopttcsM3OjLxZFtBnX61Xxl2T2gmG2O4ehg==}
    dev: false

  /@algolia/requester-node-http@4.14.2:
    resolution: {integrity: sha512-oDbb02kd1o5GTEld4pETlPZLY0e+gOSWjWMJHWTgDXbv9rm/o2cF7japO6Vj1ENnrqWvLBmW1OzV9g6FUFhFXg==}
    dependencies:
      '@algolia/requester-common': 4.14.2
    dev: false

  /@algolia/transporter@4.14.2:
    resolution: {integrity: sha512-t89dfQb2T9MFQHidjHcfhh6iGMNwvuKUvojAj+JsrHAGbuSy7yE4BylhLX6R0Q1xYRoC4Vvv+O5qIw/LdnQfsQ==}
    dependencies:
      '@algolia/cache-common': 4.14.2
      '@algolia/logger-common': 4.14.2
      '@algolia/requester-common': 4.14.2
    dev: false

  /@babel/helper-string-parser@7.18.10:
    resolution: {integrity: sha512-XtIfWmeNY3i4t7t4D2t02q50HvqHybPqW2ki1kosnvWCwuCMeo81Jf0gwr85jy/neUdg5XDdeFE/80DXiO+njw==}
    engines: {node: '>=6.9.0'}
    dev: false

  /@babel/helper-validator-identifier@7.19.1:
    resolution: {integrity: sha512-awrNfaMtnHUr653GgGEs++LlAvW6w+DcPrOliSMXWCKo597CwL5Acf/wWdNkf/tfEQE3mjkeD1YOVZOUV/od1w==}
    engines: {node: '>=6.9.0'}
    dev: false

  /@babel/parser@7.21.8:
    resolution: {integrity: sha512-6zavDGdzG3gUqAdWvlLFfk+36RilI+Pwyuuh7HItyeScCWP3k6i8vKclAQ0bM/0y/Kz/xiwvxhMv9MgTJP5gmA==}
    engines: {node: '>=6.0.0'}
    hasBin: true
    dependencies:
      '@babel/types': 7.19.0
    dev: false

  /@babel/types@7.19.0:
    resolution: {integrity: sha512-YuGopBq3ke25BVSiS6fgF49Ul9gH1x70Bcr6bqRLjWCkcX8Hre1/5+z+IiWOIerRMSSEfGZVB9z9kyq7wVs9YA==}
    engines: {node: '>=6.9.0'}
    dependencies:
      '@babel/helper-string-parser': 7.18.10
      '@babel/helper-validator-identifier': 7.19.1
      to-fast-properties: 2.0.0
    dev: false

  /@docsearch/css@3.3.5:
    resolution: {integrity: sha512-NaXVp3I8LdmJ54fn038KHgG7HmbIzZlKS2FkVf6mKcW5bYMJovkx4947joQyZk5yubxOZ+ddHSh79y39Aevufg==}
    dev: false

  /@docsearch/js@3.3.5(@algolia/client-search@4.14.2):
    resolution: {integrity: sha512-nZi074OCryZnzva2LNcbQkwBJIND6cvuFI4s1FIe6Ygf6n9g6B/IYUULXNx05rpoCZ+KEoEt3taROpsHBliuSw==}
    dependencies:
      '@docsearch/react': 3.3.5(@algolia/client-search@4.14.2)
      preact: 10.11.0
    transitivePeerDependencies:
      - '@algolia/client-search'
      - '@types/react'
      - react
      - react-dom
    dev: false

  /@docsearch/react@3.3.5(@algolia/client-search@4.14.2):
    resolution: {integrity: sha512-Zuxf4z5PZ9eIQkVCNu76v1H+KAztKItNn3rLzZa7kpBS+++TgNARITnZeUS7C1DKoAhJZFr6T/H+Lvc6h/iiYg==}
    peerDependencies:
      '@types/react': '>= 16.8.0 < 19.0.0'
      react: '>= 16.8.0 < 19.0.0'
      react-dom: '>= 16.8.0 < 19.0.0'
    peerDependenciesMeta:
      '@types/react':
        optional: true
      react:
        optional: true
      react-dom:
        optional: true
    dependencies:
      '@algolia/autocomplete-core': 1.8.2
      '@algolia/autocomplete-preset-algolia': 1.8.2(@algolia/client-search@4.14.2)(algoliasearch@4.14.2)
      '@docsearch/css': 3.3.5
      algoliasearch: 4.14.2
    transitivePeerDependencies:
      - '@algolia/client-search'
    dev: false

  /@esbuild/android-arm64@0.17.15:
    resolution: {integrity: sha512-0kOB6Y7Br3KDVgHeg8PRcvfLkq+AccreK///B4Z6fNZGr/tNHX0z2VywCc7PTeWp+bPvjA5WMvNXltHw5QjAIA==}
    engines: {node: '>=12'}
    cpu: [arm64]
    os: [android]
    requiresBuild: true
    dev: false
    optional: true

  /@esbuild/android-arm@0.17.15:
    resolution: {integrity: sha512-sRSOVlLawAktpMvDyJIkdLI/c/kdRTOqo8t6ImVxg8yT7LQDUYV5Rp2FKeEosLr6ZCja9UjYAzyRSxGteSJPYg==}
    engines: {node: '>=12'}
    cpu: [arm]
    os: [android]
    requiresBuild: true
    dev: false
    optional: true

  /@esbuild/android-x64@0.17.15:
    resolution: {integrity: sha512-MzDqnNajQZ63YkaUWVl9uuhcWyEyh69HGpMIrf+acR4otMkfLJ4sUCxqwbCyPGicE9dVlrysI3lMcDBjGiBBcQ==}
    engines: {node: '>=12'}
    cpu: [x64]
    os: [android]
    requiresBuild: true
    dev: false
    optional: true

  /@esbuild/darwin-arm64@0.17.15:
    resolution: {integrity: sha512-7siLjBc88Z4+6qkMDxPT2juf2e8SJxmsbNVKFY2ifWCDT72v5YJz9arlvBw5oB4W/e61H1+HDB/jnu8nNg0rLA==}
    engines: {node: '>=12'}
    cpu: [arm64]
    os: [darwin]
    requiresBuild: true
    dev: false
    optional: true

  /@esbuild/darwin-x64@0.17.15:
    resolution: {integrity: sha512-NbImBas2rXwYI52BOKTW342Tm3LTeVlaOQ4QPZ7XuWNKiO226DisFk/RyPk3T0CKZkKMuU69yOvlapJEmax7cg==}
    engines: {node: '>=12'}
    cpu: [x64]
    os: [darwin]
    requiresBuild: true
    dev: false
    optional: true

  /@esbuild/freebsd-arm64@0.17.15:
    resolution: {integrity: sha512-Xk9xMDjBVG6CfgoqlVczHAdJnCs0/oeFOspFap5NkYAmRCT2qTn1vJWA2f419iMtsHSLm+O8B6SLV/HlY5cYKg==}
    engines: {node: '>=12'}
    cpu: [arm64]
    os: [freebsd]
    requiresBuild: true
    dev: false
    optional: true

  /@esbuild/freebsd-x64@0.17.15:
    resolution: {integrity: sha512-3TWAnnEOdclvb2pnfsTWtdwthPfOz7qAfcwDLcfZyGJwm1SRZIMOeB5FODVhnM93mFSPsHB9b/PmxNNbSnd0RQ==}
    engines: {node: '>=12'}
    cpu: [x64]
    os: [freebsd]
    requiresBuild: true
    dev: false
    optional: true

  /@esbuild/linux-arm64@0.17.15:
    resolution: {integrity: sha512-T0MVnYw9KT6b83/SqyznTs/3Jg2ODWrZfNccg11XjDehIved2oQfrX/wVuev9N936BpMRaTR9I1J0tdGgUgpJA==}
    engines: {node: '>=12'}
    cpu: [arm64]
    os: [linux]
    requiresBuild: true
    dev: false
    optional: true

  /@esbuild/linux-arm@0.17.15:
    resolution: {integrity: sha512-MLTgiXWEMAMr8nmS9Gigx43zPRmEfeBfGCwxFQEMgJ5MC53QKajaclW6XDPjwJvhbebv+RzK05TQjvH3/aM4Xw==}
    engines: {node: '>=12'}
    cpu: [arm]
    os: [linux]
    requiresBuild: true
    dev: false
    optional: true

  /@esbuild/linux-ia32@0.17.15:
    resolution: {integrity: sha512-wp02sHs015T23zsQtU4Cj57WiteiuASHlD7rXjKUyAGYzlOKDAjqK6bk5dMi2QEl/KVOcsjwL36kD+WW7vJt8Q==}
    engines: {node: '>=12'}
    cpu: [ia32]
    os: [linux]
    requiresBuild: true
    dev: false
    optional: true

  /@esbuild/linux-loong64@0.17.15:
    resolution: {integrity: sha512-k7FsUJjGGSxwnBmMh8d7IbObWu+sF/qbwc+xKZkBe/lTAF16RqxRCnNHA7QTd3oS2AfGBAnHlXL67shV5bBThQ==}
    engines: {node: '>=12'}
    cpu: [loong64]
    os: [linux]
    requiresBuild: true
    dev: false
    optional: true

  /@esbuild/linux-mips64el@0.17.15:
    resolution: {integrity: sha512-ZLWk6czDdog+Q9kE/Jfbilu24vEe/iW/Sj2d8EVsmiixQ1rM2RKH2n36qfxK4e8tVcaXkvuV3mU5zTZviE+NVQ==}
    engines: {node: '>=12'}
    cpu: [mips64el]
    os: [linux]
    requiresBuild: true
    dev: false
    optional: true

  /@esbuild/linux-ppc64@0.17.15:
    resolution: {integrity: sha512-mY6dPkIRAiFHRsGfOYZC8Q9rmr8vOBZBme0/j15zFUKM99d4ILY4WpOC7i/LqoY+RE7KaMaSfvY8CqjJtuO4xg==}
    engines: {node: '>=12'}
    cpu: [ppc64]
    os: [linux]
    requiresBuild: true
    dev: false
    optional: true

  /@esbuild/linux-riscv64@0.17.15:
    resolution: {integrity: sha512-EcyUtxffdDtWjjwIH8sKzpDRLcVtqANooMNASO59y+xmqqRYBBM7xVLQhqF7nksIbm2yHABptoioS9RAbVMWVA==}
    engines: {node: '>=12'}
    cpu: [riscv64]
    os: [linux]
    requiresBuild: true
    dev: false
    optional: true

  /@esbuild/linux-s390x@0.17.15:
    resolution: {integrity: sha512-BuS6Jx/ezxFuHxgsfvz7T4g4YlVrmCmg7UAwboeyNNg0OzNzKsIZXpr3Sb/ZREDXWgt48RO4UQRDBxJN3B9Rbg==}
    engines: {node: '>=12'}
    cpu: [s390x]
    os: [linux]
    requiresBuild: true
    dev: false
    optional: true

  /@esbuild/linux-x64@0.17.15:
    resolution: {integrity: sha512-JsdS0EgEViwuKsw5tiJQo9UdQdUJYuB+Mf6HxtJSPN35vez1hlrNb1KajvKWF5Sa35j17+rW1ECEO9iNrIXbNg==}
    engines: {node: '>=12'}
    cpu: [x64]
    os: [linux]
    requiresBuild: true
    dev: false
    optional: true

  /@esbuild/netbsd-x64@0.17.15:
    resolution: {integrity: sha512-R6fKjtUysYGym6uXf6qyNephVUQAGtf3n2RCsOST/neIwPqRWcnc3ogcielOd6pT+J0RDR1RGcy0ZY7d3uHVLA==}
    engines: {node: '>=12'}
    cpu: [x64]
    os: [netbsd]
    requiresBuild: true
    dev: false
    optional: true

  /@esbuild/openbsd-x64@0.17.15:
    resolution: {integrity: sha512-mVD4PGc26b8PI60QaPUltYKeSX0wxuy0AltC+WCTFwvKCq2+OgLP4+fFd+hZXzO2xW1HPKcytZBdjqL6FQFa7w==}
    engines: {node: '>=12'}
    cpu: [x64]
    os: [openbsd]
    requiresBuild: true
    dev: false
    optional: true

  /@esbuild/sunos-x64@0.17.15:
    resolution: {integrity: sha512-U6tYPovOkw3459t2CBwGcFYfFRjivcJJc1WC8Q3funIwX8x4fP+R6xL/QuTPNGOblbq/EUDxj9GU+dWKX0oWlQ==}
    engines: {node: '>=12'}
    cpu: [x64]
    os: [sunos]
    requiresBuild: true
    dev: false
    optional: true

  /@esbuild/win32-arm64@0.17.15:
    resolution: {integrity: sha512-W+Z5F++wgKAleDABemiyXVnzXgvRFs+GVKThSI+mGgleLWluv0D7Diz4oQpgdpNzh4i2nNDzQtWbjJiqutRp6Q==}
    engines: {node: '>=12'}
    cpu: [arm64]
    os: [win32]
    requiresBuild: true
    dev: false
    optional: true

  /@esbuild/win32-ia32@0.17.15:
    resolution: {integrity: sha512-Muz/+uGgheShKGqSVS1KsHtCyEzcdOn/W/Xbh6H91Etm+wiIfwZaBn1W58MeGtfI8WA961YMHFYTthBdQs4t+w==}
    engines: {node: '>=12'}
    cpu: [ia32]
    os: [win32]
    requiresBuild: true
    dev: false
    optional: true

  /@esbuild/win32-x64@0.17.15:
    resolution: {integrity: sha512-DjDa9ywLUUmjhV2Y9wUTIF+1XsmuFGvZoCmOWkli1XcNAh5t25cc7fgsCx4Zi/Uurep3TTLyDiKATgGEg61pkA==}
    engines: {node: '>=12'}
    cpu: [x64]
    os: [win32]
    requiresBuild: true
    dev: false
    optional: true

  /@jridgewell/sourcemap-codec@1.4.15:
    resolution: {integrity: sha512-eF2rxCRulEKXHTRiDrDy6erMYWqNw4LPdQ8UQA4huuxaQsVeRPFl2oM8oDGxMFhJUWZf9McpLtJasDDZb/Bpeg==}
    dev: false

  /@types/node@20.2.3:
    resolution: {integrity: sha512-pg9d0yC4rVNWQzX8U7xb4olIOFuuVL9za3bzMT2pu2SU0SNEi66i2qrvhE2qt0HvkhuCaWJu7pLNOt/Pj8BIrw==}

  /@types/web-bluetooth@0.0.17:
    resolution: {integrity: sha512-4p9vcSmxAayx72yn70joFoL44c9MO/0+iVEBIQXe3v2h2SiAsEIo/G5v6ObFWvNKRFjbrVadNf9LqEEZeQPzdA==}
    dev: false

  /@vitejs/plugin-vue@4.2.3(vite@4.3.8)(vue@3.3.4):
    resolution: {integrity: sha512-R6JDUfiZbJA9cMiguQ7jxALsgiprjBeHL5ikpXfJCH62pPHtI+JdJ5xWj6Ev73yXSlYl86+blXn1kZHQ7uElxw==}
    engines: {node: ^14.18.0 || >=16.0.0}
    peerDependencies:
      vite: ^4.0.0
      vue: ^3.2.25
    dependencies:
      vite: 4.3.8(@types/node@20.2.3)
      vue: 3.3.4
    dev: false

  /@vue/compiler-core@3.3.4:
    resolution: {integrity: sha512-cquyDNvZ6jTbf/+x+AgM2Arrp6G4Dzbb0R64jiG804HRMfRiFXWI6kqUVqZ6ZR0bQhIoQjB4+2bhNtVwndW15g==}
    dependencies:
      '@babel/parser': 7.21.8
      '@vue/shared': 3.3.4
      estree-walker: 2.0.2
      source-map-js: 1.0.2
    dev: false

  /@vue/compiler-dom@3.3.4:
    resolution: {integrity: sha512-wyM+OjOVpuUukIq6p5+nwHYtj9cFroz9cwkfmP9O1nzH68BenTTv0u7/ndggT8cIQlnBeOo6sUT/gvHcIkLA5w==}
    dependencies:
      '@vue/compiler-core': 3.3.4
      '@vue/shared': 3.3.4
    dev: false

  /@vue/compiler-sfc@3.3.4:
    resolution: {integrity: sha512-6y/d8uw+5TkCuzBkgLS0v3lSM3hJDntFEiUORM11pQ/hKvkhSKZrXW6i69UyXlJQisJxuUEJKAWEqWbWsLeNKQ==}
    dependencies:
      '@babel/parser': 7.21.8
      '@vue/compiler-core': 3.3.4
      '@vue/compiler-dom': 3.3.4
      '@vue/compiler-ssr': 3.3.4
      '@vue/reactivity-transform': 3.3.4
      '@vue/shared': 3.3.4
      estree-walker: 2.0.2
      magic-string: 0.30.0
      postcss: 8.4.21
      source-map-js: 1.0.2
    dev: false

  /@vue/compiler-ssr@3.3.4:
    resolution: {integrity: sha512-m0v6oKpup2nMSehwA6Uuu+j+wEwcy7QmwMkVNVfrV9P2qE5KshC6RwOCq8fjGS/Eak/uNb8AaWekfiXxbBB6gQ==}
    dependencies:
      '@vue/compiler-dom': 3.3.4
      '@vue/shared': 3.3.4
    dev: false

  /@vue/devtools-api@6.5.0:
    resolution: {integrity: sha512-o9KfBeaBmCKl10usN4crU53fYtC1r7jJwdGKjPT24t348rHxgfpZ0xL3Xm/gLUYnc0oTp8LAmrxOeLyu6tbk2Q==}
    dev: false

  /@vue/reactivity-transform@3.3.4:
    resolution: {integrity: sha512-MXgwjako4nu5WFLAjpBnCj/ieqcjE2aJBINUNQzkZQfzIZA4xn+0fV1tIYBJvvva3N3OvKGofRLvQIwEQPpaXw==}
    dependencies:
      '@babel/parser': 7.21.8
      '@vue/compiler-core': 3.3.4
      '@vue/shared': 3.3.4
      estree-walker: 2.0.2
      magic-string: 0.30.0
    dev: false

  /@vue/reactivity@3.3.4:
    resolution: {integrity: sha512-kLTDLwd0B1jG08NBF3R5rqULtv/f8x3rOFByTDz4J53ttIQEDmALqKqXY0J+XQeN0aV2FBxY8nJDf88yvOPAqQ==}
    dependencies:
      '@vue/shared': 3.3.4
    dev: false

  /@vue/runtime-core@3.3.4:
    resolution: {integrity: sha512-R+bqxMN6pWO7zGI4OMlmvePOdP2c93GsHFM/siJI7O2nxFRzj55pLwkpCedEY+bTMgp5miZ8CxfIZo3S+gFqvA==}
    dependencies:
      '@vue/reactivity': 3.3.4
      '@vue/shared': 3.3.4
    dev: false

  /@vue/runtime-dom@3.3.4:
    resolution: {integrity: sha512-Aj5bTJ3u5sFsUckRghsNjVTtxZQ1OyMWCr5dZRAPijF/0Vy4xEoRCwLyHXcj4D0UFbJ4lbx3gPTgg06K/GnPnQ==}
    dependencies:
      '@vue/runtime-core': 3.3.4
      '@vue/shared': 3.3.4
      csstype: 3.1.2
    dev: false

  /@vue/server-renderer@3.3.4(vue@3.3.4):
    resolution: {integrity: sha512-Q6jDDzR23ViIb67v+vM1Dqntu+HUexQcsWKhhQa4ARVzxOY2HbC7QRW/ggkDBd5BU+uM1sV6XOAP0b216o34JQ==}
    peerDependencies:
      vue: 3.3.4
    dependencies:
      '@vue/compiler-ssr': 3.3.4
      '@vue/shared': 3.3.4
      vue: 3.3.4
    dev: false

  /@vue/shared@3.3.4:
    resolution: {integrity: sha512-7OjdcV8vQ74eiz1TZLzZP4JwqM5fA94K6yntPS5Z25r9HDuGNzaGdgvwKYq6S+MxwF0TFRwe50fIR/MYnakdkQ==}
    dev: false

  /@vueuse/core@10.1.2(vue@3.3.4):
    resolution: {integrity: sha512-roNn8WuerI56A5uiTyF/TEYX0Y+VKlhZAF94unUfdhbDUI+NfwQMn4FUnUscIRUhv3344qvAghopU4bzLPNFlA==}
    dependencies:
      '@types/web-bluetooth': 0.0.17
      '@vueuse/metadata': 10.1.2
      '@vueuse/shared': 10.1.2(vue@3.3.4)
      vue-demi: 0.14.5(vue@3.3.4)
    transitivePeerDependencies:
      - '@vue/composition-api'
      - vue
    dev: false

  /@vueuse/integrations@10.1.2(focus-trap@7.4.3)(vue@3.3.4):
    resolution: {integrity: sha512-wUpG3Wv6LiWerOwCzOAM0iGhNQ4vfFUTkhj/xQy7TLXduh2M3D8N08aS0KqlxsejY6R8NLxydDIM+68QfHZZ8Q==}
    peerDependencies:
      async-validator: '*'
      axios: '*'
      change-case: '*'
      drauu: '*'
      focus-trap: '*'
      fuse.js: '*'
      idb-keyval: '*'
      jwt-decode: '*'
      nprogress: '*'
      qrcode: '*'
      sortablejs: '*'
      universal-cookie: '*'
    peerDependenciesMeta:
      async-validator:
        optional: true
      axios:
        optional: true
      change-case:
        optional: true
      drauu:
        optional: true
      focus-trap:
        optional: true
      fuse.js:
        optional: true
      idb-keyval:
        optional: true
      jwt-decode:
        optional: true
      nprogress:
        optional: true
      qrcode:
        optional: true
      sortablejs:
        optional: true
      universal-cookie:
        optional: true
    dependencies:
      '@vueuse/core': 10.1.2(vue@3.3.4)
      '@vueuse/shared': 10.1.2(vue@3.3.4)
      focus-trap: 7.4.3
      vue-demi: 0.14.5(vue@3.3.4)
    transitivePeerDependencies:
      - '@vue/composition-api'
      - vue
    dev: false

  /@vueuse/metadata@10.1.2:
    resolution: {integrity: sha512-3mc5BqN9aU2SqBeBuWE7ne4OtXHoHKggNgxZR2K+zIW4YLsy6xoZ4/9vErQs6tvoKDX6QAqm3lvsrv0mczAwIQ==}
    dev: false

  /@vueuse/shared@10.1.2(vue@3.3.4):
    resolution: {integrity: sha512-1uoUTPBlgyscK9v6ScGeVYDDzlPSFXBlxuK7SfrDGyUTBiznb3mNceqhwvZHjtDRELZEN79V5uWPTF1VDV8svA==}
    dependencies:
      vue-demi: 0.14.5(vue@3.3.4)
    transitivePeerDependencies:
      - '@vue/composition-api'
      - vue
    dev: false

  /algoliasearch@4.14.2:
    resolution: {integrity: sha512-ngbEQonGEmf8dyEh5f+uOIihv4176dgbuOZspiuhmTTBRBuzWu3KCGHre6uHj5YyuC7pNvQGzB6ZNJyZi0z+Sg==}
    dependencies:
      '@algolia/cache-browser-local-storage': 4.14.2
      '@algolia/cache-common': 4.14.2
      '@algolia/cache-in-memory': 4.14.2
      '@algolia/client-account': 4.14.2
      '@algolia/client-analytics': 4.14.2
      '@algolia/client-common': 4.14.2
      '@algolia/client-personalization': 4.14.2
      '@algolia/client-search': 4.14.2
      '@algolia/logger-common': 4.14.2
      '@algolia/logger-console': 4.14.2
      '@algolia/requester-browser-xhr': 4.14.2
      '@algolia/requester-common': 4.14.2
      '@algolia/requester-node-http': 4.14.2
      '@algolia/transporter': 4.14.2
    dev: false

  /ansi-sequence-parser@1.1.0:
    resolution: {integrity: sha512-lEm8mt52to2fT8GhciPCGeCXACSz2UwIN4X2e2LJSnZ5uAbn2/dsYdOmUXq0AtWS5cpAupysIneExOgH0Vd2TQ==}
    dev: false

  /body-scroll-lock@4.0.0-beta.0:
    resolution: {integrity: sha512-a7tP5+0Mw3YlUJcGAKUqIBkYYGlYxk2fnCasq/FUph1hadxlTRjF+gAcZksxANnaMnALjxEddmSi/H3OR8ugcQ==}
    dev: false

  /csstype@3.1.2:
    resolution: {integrity: sha512-I7K1Uu0MBPzaFKg4nI5Q7Vs2t+3gWWW648spaF+Rg7pI9ds18Ugn+lvg4SHczUdKlHI5LWBXyqfS8+DufyBsgQ==}
    dev: false

  /esbuild@0.17.15:
    resolution: {integrity: sha512-LBUV2VsUIc/iD9ME75qhT4aJj0r75abCVS0jakhFzOtR7TQsqQA5w0tZ+KTKnwl3kXE0MhskNdHDh/I5aCR1Zw==}
    engines: {node: '>=12'}
    hasBin: true
    requiresBuild: true
    optionalDependencies:
      '@esbuild/android-arm': 0.17.15
      '@esbuild/android-arm64': 0.17.15
      '@esbuild/android-x64': 0.17.15
      '@esbuild/darwin-arm64': 0.17.15
      '@esbuild/darwin-x64': 0.17.15
      '@esbuild/freebsd-arm64': 0.17.15
      '@esbuild/freebsd-x64': 0.17.15
      '@esbuild/linux-arm': 0.17.15
      '@esbuild/linux-arm64': 0.17.15
      '@esbuild/linux-ia32': 0.17.15
      '@esbuild/linux-loong64': 0.17.15
      '@esbuild/linux-mips64el': 0.17.15
      '@esbuild/linux-ppc64': 0.17.15
      '@esbuild/linux-riscv64': 0.17.15
      '@esbuild/linux-s390x': 0.17.15
      '@esbuild/linux-x64': 0.17.15
      '@esbuild/netbsd-x64': 0.17.15
      '@esbuild/openbsd-x64': 0.17.15
      '@esbuild/sunos-x64': 0.17.15
      '@esbuild/win32-arm64': 0.17.15
      '@esbuild/win32-ia32': 0.17.15
      '@esbuild/win32-x64': 0.17.15
    dev: false

  /estree-walker@2.0.2:
    resolution: {integrity: sha512-Rfkk/Mp/DL7JVje3u18FxFujQlTNR2q6QfMSMB7AvCBx91NGj/ba3kCfza0f6dVDbw7YlRf/nDrn7pQrCCyQ/w==}
    dev: false

  /focus-trap@7.4.3:
    resolution: {integrity: sha512-BgSSbK4GPnS2VbtZ50VtOv1Sti6DIkj3+LkVjiWMNjLeAp1SH1UlLx3ULu/DCu4vq5R4/uvTm+zrvsMsuYmGLg==}
    dependencies:
      tabbable: 6.1.2
    dev: false

  /fsevents@2.3.2:
    resolution: {integrity: sha512-xiqMQR4xAeHTuB9uWm+fFRcIOgKBMiOBP+eXiyT7jsgVCq1bkVygt00oASowB7EdtpOHaaPgKt812P9ab+DDKA==}
    engines: {node: ^8.16.0 || ^10.6.0 || >=11.0.0}
    os: [darwin]
    requiresBuild: true
    dev: false
    optional: true

  /jsonc-parser@3.2.0:
    resolution: {integrity: sha512-gfFQZrcTc8CnKXp6Y4/CBT3fTc0OVuDofpre4aEeEpSBPV5X5v4+Vmx+8snU7RLPrNHPKSgLxGo9YuQzz20o+w==}
    dev: false

  /magic-string@0.30.0:
    resolution: {integrity: sha512-LA+31JYDJLs82r2ScLrlz1GjSgu66ZV518eyWT+S8VhyQn/JL0u9MeBOvQMGYiPk1DBiSN9DDMOcXvigJZaViQ==}
    engines: {node: '>=12'}
    dependencies:
      '@jridgewell/sourcemap-codec': 1.4.15
    dev: false

  /mark.js@8.11.1:
    resolution: {integrity: sha512-1I+1qpDt4idfgLQG+BNWmrqku+7/2bi5nLf4YwF8y8zXvmfiTBY3PV3ZibfrjBueCByROpuBjLLFCajqkgYoLQ==}
    dev: false

  /minisearch@6.1.0:
    resolution: {integrity: sha512-PNxA/X8pWk+TiqPbsoIYH0GQ5Di7m6326/lwU/S4mlo4wGQddIcf/V//1f9TB0V4j59b57b+HZxt8h3iMROGvg==}
    dev: false

  /nanoid@3.3.4:
    resolution: {integrity: sha512-MqBkQh/OHTS2egovRtLk45wEyNXwF+cokD+1YPf9u5VfJiRdAiRwB2froX5Co9Rh20xs4siNPm8naNotSD6RBw==}
    engines: {node: ^10 || ^12 || ^13.7 || ^14 || >=15.0.1}
    hasBin: true
    dev: false

  /nanoid@3.3.6:
    resolution: {integrity: sha512-BGcqMMJuToF7i1rt+2PWSNVnWIkGCU78jBG3RxO/bZlnZPK2Cmi2QaffxGO/2RvWi9sL+FAiRiXMgsyxQ1DIDA==}
    engines: {node: ^10 || ^12 || ^13.7 || ^14 || >=15.0.1}
    hasBin: true
    dev: false

  /picocolors@1.0.0:
    resolution: {integrity: sha512-1fygroTLlHu66zi26VoTDv8yRgm0Fccecssto+MhsZ0D/DGW2sm8E8AjW7NU5VVTRt5GxbeZ5qBuJr+HyLYkjQ==}
    dev: false

  /postcss@8.4.21:
    resolution: {integrity: sha512-tP7u/Sn/dVxK2NnruI4H9BG+x+Wxz6oeZ1cJ8P6G/PZY0IKk4k/63TDsQf2kQq3+qoJeLm2kIBUNlZe3zgb4Zg==}
    engines: {node: ^10 || ^12 || >=14}
    dependencies:
      nanoid: 3.3.4
      picocolors: 1.0.0
      source-map-js: 1.0.2
    dev: false

  /postcss@8.4.23:
    resolution: {integrity: sha512-bQ3qMcpF6A/YjR55xtoTr0jGOlnPOKAIMdOWiv0EIT6HVPEaJiJB4NLljSbiHoC2RX7DN5Uvjtpbg1NPdwv1oA==}
    engines: {node: ^10 || ^12 || >=14}
    dependencies:
      nanoid: 3.3.6
      picocolors: 1.0.0
      source-map-js: 1.0.2
    dev: false

  /preact@10.11.0:
    resolution: {integrity: sha512-Fk6+vB2kb6mSJfDgODq0YDhMfl0HNtK5+Uc9QqECO4nlyPAQwCI+BKyWO//idA7ikV7o+0Fm6LQmNuQi1wXI1w==}
    dev: false

  /rollup@3.23.0:
    resolution: {integrity: sha512-h31UlwEi7FHihLe1zbk+3Q7z1k/84rb9BSwmBSr/XjOCEaBJ2YyedQDuM0t/kfOS0IxM+vk1/zI9XxYj9V+NJQ==}
    engines: {node: '>=14.18.0', npm: '>=8.0.0'}
    hasBin: true
    optionalDependencies:
      fsevents: 2.3.2
    dev: false

  /shiki@0.14.2:
    resolution: {integrity: sha512-ltSZlSLOuSY0M0Y75KA+ieRaZ0Trf5Wl3gutE7jzLuIcWxLp5i/uEnLoQWNvgKXQ5OMpGkJnVMRLAuzjc0LJ2A==}
    dependencies:
      ansi-sequence-parser: 1.1.0
      jsonc-parser: 3.2.0
      vscode-oniguruma: 1.7.0
      vscode-textmate: 8.0.0
    dev: false

  /source-map-js@1.0.2:
    resolution: {integrity: sha512-R0XvVJ9WusLiqTCEiGCmICCMplcCkIwwR11mOSD9CR5u+IXYdiseeEuXCVAjS54zqwkLcPNnmU4OeJ6tUrWhDw==}
    engines: {node: '>=0.10.0'}
    dev: false

  /tabbable@6.1.2:
    resolution: {integrity: sha512-qCN98uP7i9z0fIS4amQ5zbGBOq+OSigYeGvPy7NDk8Y9yncqDZ9pRPgfsc2PJIVM9RrJj7GIfuRgmjoUU9zTHQ==}
    dev: false

  /to-fast-properties@2.0.0:
    resolution: {integrity: sha512-/OaKK0xYrs3DmxRYqL/yDc+FxFUVYhDlXMhRmv3z915w2HF1tnN1omB354j8VUGO/hbRzyD6Y3sA7v7GS/ceog==}
    engines: {node: '>=4'}
    dev: false

  /vite@4.3.8(@types/node@20.2.3):
    resolution: {integrity: sha512-uYB8PwN7hbMrf4j1xzGDk/lqjsZvCDbt/JC5dyfxc19Pg8kRm14LinK/uq+HSLNswZEoKmweGdtpbnxRtrAXiQ==}
    engines: {node: ^14.18.0 || >=16.0.0}
    hasBin: true
    peerDependencies:
      '@types/node': '>= 14'
      less: '*'
      sass: '*'
      stylus: '*'
      sugarss: '*'
      terser: ^5.4.0
    peerDependenciesMeta:
      '@types/node':
        optional: true
      less:
        optional: true
      sass:
        optional: true
      stylus:
        optional: true
      sugarss:
        optional: true
      terser:
        optional: true
    dependencies:
      '@types/node': 20.2.3
      esbuild: 0.17.15
      postcss: 8.4.23
      rollup: 3.23.0
    optionalDependencies:
      fsevents: 2.3.2
    dev: false

  /vitepress@1.0.0-alpha.76(@algolia/client-search@4.14.2)(@types/node@20.2.3):
    resolution: {integrity: sha512-fzR1pDpGnSMeCJ+AnDdMe/ETD2G0Go+g6mTxDv9ps7Hmr1JjVqw97nasCyZg3jgfQxi2nt78EJ/bw7hY5n/rlw==}
    hasBin: true
    dependencies:
      '@docsearch/css': 3.3.5
      '@docsearch/js': 3.3.5(@algolia/client-search@4.14.2)
      '@vitejs/plugin-vue': 4.2.3(vite@4.3.8)(vue@3.3.4)
      '@vue/devtools-api': 6.5.0
      '@vueuse/core': 10.1.2(vue@3.3.4)
      '@vueuse/integrations': 10.1.2(focus-trap@7.4.3)(vue@3.3.4)
      body-scroll-lock: 4.0.0-beta.0
      focus-trap: 7.4.3
      mark.js: 8.11.1
      minisearch: 6.1.0
      shiki: 0.14.2
      vite: 4.3.8(@types/node@20.2.3)
      vue: 3.3.4
    transitivePeerDependencies:
      - '@algolia/client-search'
      - '@types/node'
      - '@types/react'
      - '@vue/composition-api'
      - async-validator
      - axios
      - change-case
      - drauu
      - fuse.js
      - idb-keyval
      - jwt-decode
      - less
      - nprogress
      - qrcode
      - react
      - react-dom
      - sass
      - sortablejs
      - stylus
      - sugarss
      - terser
      - universal-cookie
    dev: false

  /vscode-oniguruma@1.7.0:
    resolution: {integrity: sha512-L9WMGRfrjOhgHSdOYgCt/yRMsXzLDJSL7BPrOZt73gU0iWO4mpqzqQzOz5srxqTvMBaR0XZTSrVWo4j55Rc6cA==}
    dev: false

  /vscode-textmate@8.0.0:
    resolution: {integrity: sha512-AFbieoL7a5LMqcnOF04ji+rpXadgOXnZsxQr//r83kLPr7biP7am3g9zbaZIaBGwBRWeSvoMD4mgPdX3e4NWBg==}
    dev: false

  /vue-demi@0.14.5(vue@3.3.4):
    resolution: {integrity: sha512-o9NUVpl/YlsGJ7t+xuqJKx8EBGf1quRhCiT6D/J0pfwmk9zUwYkC7yrF4SZCe6fETvSM3UNL2edcbYrSyc4QHA==}
    engines: {node: '>=12'}
    hasBin: true
    requiresBuild: true
    peerDependencies:
      '@vue/composition-api': ^1.0.0-rc.1
      vue: ^3.0.0-0 || ^2.6.0
    peerDependenciesMeta:
      '@vue/composition-api':
        optional: true
    dependencies:
      vue: 3.3.4
    dev: false

  /vue@3.3.4:
    resolution: {integrity: sha512-VTyEYn3yvIeY1Py0WaYGZsXnz3y5UnGi62GjVEqvEGPl6nxbOrCXbVOTQWBEJUqAyTUk2uJ5JLVnYJ6ZzGbrSw==}
    dependencies:
      '@vue/compiler-dom': 3.3.4
      '@vue/compiler-sfc': 3.3.4
      '@vue/runtime-dom': 3.3.4
      '@vue/server-renderer': 3.3.4(vue@3.3.4)
      '@vue/shared': 3.3.4
    dev: false
